// !$*UTF8*$!
{
	archiveVersion = 1;
	classes = {
	};
	objectVersion = 50;
	objects = {

/* Begin PBXBuildFile section */
		FF6A3D03225AF45F000EB0A1 /* AppDelegate.swift in Sources */ = {isa = PBXBuildFile; fileRef = FF6A3D02225AF45F000EB0A1 /* AppDelegate.swift */; };
		FF6A3D05225AF45F000EB0A1 /* ViewController.swift in Sources */ = {isa = PBXBuildFile; fileRef = FF6A3D04225AF45F000EB0A1 /* ViewController.swift */; };
		FF6A3D08225AF45F000EB0A1 /* Main.storyboard in Resources */ = {isa = PBXBuildFile; fileRef = FF6A3D06225AF45F000EB0A1 /* Main.storyboard */; };
		FF6A3D0A225AF467000EB0A1 /* Assets.xcassets in Resources */ = {isa = PBXBuildFile; fileRef = FF6A3D09225AF467000EB0A1 /* Assets.xcassets */; };
		FF6A3D0D225AF467000EB0A1 /* LaunchScreen.storyboard in Resources */ = {isa = PBXBuildFile; fileRef = FF6A3D0B225AF467000EB0A1 /* LaunchScreen.storyboard */; };
		FF6A3D18225AF468000EB0A1 /* Class02Tests.swift in Sources */ = {isa = PBXBuildFile; fileRef = FF6A3D17225AF468000EB0A1 /* Class02Tests.swift */; };
		FF6A3D23225AF468000EB0A1 /* Class02UITests.swift in Sources */ = {isa = PBXBuildFile; fileRef = FF6A3D22225AF468000EB0A1 /* Class02UITests.swift */; };
/* End PBXBuildFile section */

/* Begin PBXContainerItemProxy section */
		FF6A3D14225AF468000EB0A1 /* PBXContainerItemProxy */ = {
			isa = PBXContainerItemProxy;
			containerPortal = FF6A3CF7225AF45E000EB0A1 /* Project object */;
			proxyType = 1;
			remoteGlobalIDString = FF6A3CFE225AF45E000EB0A1;
			remoteInfo = Class02;
		};
		FF6A3D1F225AF468000EB0A1 /* PBXContainerItemProxy */ = {
			isa = PBXContainerItemProxy;
			containerPortal = FF6A3CF7225AF45E000EB0A1 /* Project object */;
			proxyType = 1;
			remoteGlobalIDString = FF6A3CFE225AF45E000EB0A1;
			remoteInfo = Class02;
		};
/* End PBXContainerItemProxy section */

/* Begin PBXFileReference section */
		FF6A3CFF225AF45E000EB0A1 /* Class02.app */ = {isa = PBXFileReference; explicitFileType = wrapper.application; includeInIndex = 0; path = Class02.app; sourceTree = BUILT_PRODUCTS_DIR; };
		FF6A3D02225AF45F000EB0A1 /* AppDelegate.swift */ = {isa = PBXFileReference; lastKnownFileType = sourcecode.swift; path = AppDelegate.swift; sourceTree = "<group>"; };
		FF6A3D04225AF45F000EB0A1 /* ViewController.swift */ = {isa = PBXFileReference; lastKnownFileType = sourcecode.swift; path = ViewController.swift; sourceTree = "<group>"; };
		FF6A3D07225AF45F000EB0A1 /* Base */ = {isa = PBXFileReference; lastKnownFileType = file.storyboard; name = Base; path = Base.lproj/Main.storyboard; sourceTree = "<group>"; };
		FF6A3D09225AF467000EB0A1 /* Assets.xcassets */ = {isa = PBXFileReference; lastKnownFileType = folder.assetcatalog; path = Assets.xcassets; sourceTree = "<group>"; };
		FF6A3D0C225AF467000EB0A1 /* Base */ = {isa = PBXFileReference; lastKnownFileType = file.storyboard; name = Base; path = Base.lproj/LaunchScreen.storyboard; sourceTree = "<group>"; };
		FF6A3D0E225AF467000EB0A1 /* Info.plist */ = {isa = PBXFileReference; lastKnownFileType = text.plist.xml; path = Info.plist; sourceTree = "<group>"; };
		FF6A3D13225AF468000EB0A1 /* Class02Tests.xctest */ = {isa = PBXFileReference; explicitFileType = wrapper.cfbundle; includeInIndex = 0; path = Class02Tests.xctest; sourceTree = BUILT_PRODUCTS_DIR; };
		FF6A3D17225AF468000EB0A1 /* Class02Tests.swift */ = {isa = PBXFileReference; lastKnownFileType = sourcecode.swift; path = Class02Tests.swift; sourceTree = "<group>"; };
		FF6A3D19225AF468000EB0A1 /* Info.plist */ = {isa = PBXFileReference; lastKnownFileType = text.plist.xml; path = Info.plist; sourceTree = "<group>"; };
		FF6A3D1E225AF468000EB0A1 /* Class02UITests.xctest */ = {isa = PBXFileReference; explicitFileType = wrapper.cfbundle; includeInIndex = 0; path = Class02UITests.xctest; sourceTree = BUILT_PRODUCTS_DIR; };
		FF6A3D22225AF468000EB0A1 /* Class02UITests.swift */ = {isa = PBXFileReference; lastKnownFileType = sourcecode.swift; path = Class02UITests.swift; sourceTree = "<group>"; };
		FF6A3D24225AF468000EB0A1 /* Info.plist */ = {isa = PBXFileReference; lastKnownFileType = text.plist.xml; path = Info.plist; sourceTree = "<group>"; };
/* End PBXFileReference section */

/* Begin PBXFrameworksBuildPhase section */
		FF6A3CFC225AF45E000EB0A1 /* Frameworks */ = {
			isa = PBXFrameworksBuildPhase;
			buildActionMask = 2147483647;
			files = (
			);
			runOnlyForDeploymentPostprocessing = 0;
		};
		FF6A3D10225AF468000EB0A1 /* Frameworks */ = {
			isa = PBXFrameworksBuildPhase;
			buildActionMask = 2147483647;
			files = (
			);
			runOnlyForDeploymentPostprocessing = 0;
		};
		FF6A3D1B225AF468000EB0A1 /* Frameworks */ = {
			isa = PBXFrameworksBuildPhase;
			buildActionMask = 2147483647;
			files = (
			);
			runOnlyForDeploymentPostprocessing = 0;
		};
/* End PBXFrameworksBuildPhase section */

/* Begin PBXGroup section */
		FF6A3CF6225AF45E000EB0A1 = {
			isa = PBXGroup;
			children = (
				FF6A3D01225AF45E000EB0A1 /* Class02 */,
				FF6A3D16225AF468000EB0A1 /* Class02Tests */,
				FF6A3D21225AF468000EB0A1 /* Class02UITests */,
				FF6A3D00225AF45E000EB0A1 /* Products */,
			);
			sourceTree = "<group>";
		};
		FF6A3D00225AF45E000EB0A1 /* Products */ = {
			isa = PBXGroup;
			children = (
				FF6A3CFF225AF45E000EB0A1 /* Class02.app */,
				FF6A3D13225AF468000EB0A1 /* Class02Tests.xctest */,
				FF6A3D1E225AF468000EB0A1 /* Class02UITests.xctest */,
			);
			name = Products;
			sourceTree = "<group>";
		};
		FF6A3D01225AF45E000EB0A1 /* Class02 */ = {
			isa = PBXGroup;
			children = (
				FF6A3D02225AF45F000EB0A1 /* AppDelegate.swift */,
				FF6A3D04225AF45F000EB0A1 /* ViewController.swift */,
				FF6A3D06225AF45F000EB0A1 /* Main.storyboard */,
				FF6A3D09225AF467000EB0A1 /* Assets.xcassets */,
				FF6A3D0B225AF467000EB0A1 /* LaunchScreen.storyboard */,
				FF6A3D0E225AF467000EB0A1 /* Info.plist */,
			);
			path = Class02;
			sourceTree = "<group>";
		};
		FF6A3D16225AF468000EB0A1 /* Class02Tests */ = {
			isa = PBXGroup;
			children = (
				FF6A3D17225AF468000EB0A1 /* Class02Tests.swift */,
				FF6A3D19225AF468000EB0A1 /* Info.plist */,
			);
			path = Class02Tests;
			sourceTree = "<group>";
		};
		FF6A3D21225AF468000EB0A1 /* Class02UITests */ = {
			isa = PBXGroup;
			children = (
				FF6A3D22225AF468000EB0A1 /* Class02UITests.swift */,
				FF6A3D24225AF468000EB0A1 /* Info.plist */,
			);
			path = Class02UITests;
			sourceTree = "<group>";
		};
/* End PBXGroup section */

/* Begin PBXNativeTarget section */
		FF6A3CFE225AF45E000EB0A1 /* Class02 */ = {
			isa = PBXNativeTarget;
			buildConfigurationList = FF6A3D27225AF468000EB0A1 /* Build configuration list for PBXNativeTarget "Class02" */;
			buildPhases = (
				FF6A3CFB225AF45E000EB0A1 /* Sources */,
				FF6A3CFC225AF45E000EB0A1 /* Frameworks */,
				FF6A3CFD225AF45E000EB0A1 /* Resources */,
			);
			buildRules = (
			);
			dependencies = (
			);
			name = Class02;
			productName = Class02;
			productReference = FF6A3CFF225AF45E000EB0A1 /* Class02.app */;
			productType = "com.apple.product-type.application";
		};
		FF6A3D12225AF468000EB0A1 /* Class02Tests */ = {
			isa = PBXNativeTarget;
			buildConfigurationList = FF6A3D2A225AF468000EB0A1 /* Build configuration list for PBXNativeTarget "Class02Tests" */;
			buildPhases = (
				FF6A3D0F225AF468000EB0A1 /* Sources */,
				FF6A3D10225AF468000EB0A1 /* Frameworks */,
				FF6A3D11225AF468000EB0A1 /* Resources */,
			);
			buildRules = (
			);
			dependencies = (
				FF6A3D15225AF468000EB0A1 /* PBXTargetDependency */,
			);
			name = Class02Tests;
			productName = Class02Tests;
			productReference = FF6A3D13225AF468000EB0A1 /* Class02Tests.xctest */;
			productType = "com.apple.product-type.bundle.unit-test";
		};
		FF6A3D1D225AF468000EB0A1 /* Class02UITests */ = {
			isa = PBXNativeTarget;
			buildConfigurationList = FF6A3D2D225AF468000EB0A1 /* Build configuration list for PBXNativeTarget "Class02UITests" */;
			buildPhases = (
				FF6A3D1A225AF468000EB0A1 /* Sources */,
				FF6A3D1B225AF468000EB0A1 /* Frameworks */,
				FF6A3D1C225AF468000EB0A1 /* Resources */,
			);
			buildRules = (
			);
			dependencies = (
				FF6A3D20225AF468000EB0A1 /* PBXTargetDependency */,
			);
			name = Class02UITests;
			productName = Class02UITests;
			productReference = FF6A3D1E225AF468000EB0A1 /* Class02UITests.xctest */;
			productType = "com.apple.product-type.bundle.ui-testing";
		};
/* End PBXNativeTarget section */

/* Begin PBXProject section */
		FF6A3CF7225AF45E000EB0A1 /* Project object */ = {
			isa = PBXProject;
			attributes = {
				LastSwiftUpdateCheck = 1010;
				LastUpgradeCheck = 1010;
				ORGANIZATIONNAME = "L20102-02";
				TargetAttributes = {
					FF6A3CFE225AF45E000EB0A1 = {
						CreatedOnToolsVersion = 10.1;
					};
					FF6A3D12225AF468000EB0A1 = {
						CreatedOnToolsVersion = 10.1;
						TestTargetID = FF6A3CFE225AF45E000EB0A1;
					};
					FF6A3D1D225AF468000EB0A1 = {
						CreatedOnToolsVersion = 10.1;
						TestTargetID = FF6A3CFE225AF45E000EB0A1;
					};
				};
			};
			buildConfigurationList = FF6A3CFA225AF45E000EB0A1 /* Build configuration list for PBXProject "Class02" */;
			compatibilityVersion = "Xcode 9.3";
			developmentRegion = en;
			hasScannedForEncodings = 0;
			knownRegions = (
				en,
				Base,
			);
			mainGroup = FF6A3CF6225AF45E000EB0A1;
			productRefGroup = FF6A3D00225AF45E000EB0A1 /* Products */;
			projectDirPath = "";
			projectRoot = "";
			targets = (
				FF6A3CFE225AF45E000EB0A1 /* Class02 */,
				FF6A3D12225AF468000EB0A1 /* Class02Tests */,
				FF6A3D1D225AF468000EB0A1 /* Class02UITests */,
			);
		};
/* End PBXProject section */

/* Begin PBXResourcesBuildPhase section */
		FF6A3CFD225AF45E000EB0A1 /* Resources */ = {
			isa = PBXResourcesBuildPhase;
			buildActionMask = 2147483647;
			files = (
				FF6A3D0D225AF467000EB0A1 /* LaunchScreen.storyboard in Resources */,
				FF6A3D0A225AF467000EB0A1 /* Assets.xcassets in Resources */,
				FF6A3D08225AF45F000EB0A1 /* Main.storyboard in Resources */,
			);
			runOnlyForDeploymentPostprocessing = 0;
		};
		FF6A3D11225AF468000EB0A1 /* Resources */ = {
			isa = PBXResourcesBuildPhase;
			buildActionMask = 2147483647;
			files = (
			);
			runOnlyForDeploymentPostprocessing = 0;
		};
		FF6A3D1C225AF468000EB0A1 /* Resources */ = {
			isa = PBXResourcesBuildPhase;
			buildActionMask = 2147483647;
			files = (
			);
			runOnlyForDeploymentPostprocessing = 0;
		};
/* End PBXResourcesBuildPhase section */

/* Begin PBXSourcesBuildPhase section */
		FF6A3CFB225AF45E000EB0A1 /* Sources */ = {
			isa = PBXSourcesBuildPhase;
			buildActionMask = 2147483647;
			files = (
				FF6A3D05225AF45F000EB0A1 /* ViewController.swift in Sources */,
				FF6A3D03225AF45F000EB0A1 /* AppDelegate.swift in Sources */,
			);
			runOnlyForDeploymentPostprocessing = 0;
		};
		FF6A3D0F225AF468000EB0A1 /* Sources */ = {
			isa = PBXSourcesBuildPhase;
			buildActionMask = 2147483647;
			files = (
				FF6A3D18225AF468000EB0A1 /* Class02Tests.swift in Sources */,
			);
			runOnlyForDeploymentPostprocessing = 0;
		};
		FF6A3D1A225AF468000EB0A1 /* Sources */ = {
			isa = PBXSourcesBuildPhase;
			buildActionMask = 2147483647;
			files = (
				FF6A3D23225AF468000EB0A1 /* Class02UITests.swift in Sources */,
			);
			runOnlyForDeploymentPostprocessing = 0;
		};
/* End PBXSourcesBuildPhase section */

/* Begin PBXTargetDependency section */
		FF6A3D15225AF468000EB0A1 /* PBXTargetDependency */ = {
			isa = PBXTargetDependency;
			target = FF6A3CFE225AF45E000EB0A1 /* Class02 */;
			targetProxy = FF6A3D14225AF468000EB0A1 /* PBXContainerItemProxy */;
		};
		FF6A3D20225AF468000EB0A1 /* PBXTargetDependency */ = {
			isa = PBXTargetDependency;
			target = FF6A3CFE225AF45E000EB0A1 /* Class02 */;
			targetProxy = FF6A3D1F225AF468000EB0A1 /* PBXContainerItemProxy */;
		};
/* End PBXTargetDependency section */

/* Begin PBXVariantGroup section */
		FF6A3D06225AF45F000EB0A1 /* Main.storyboard */ = {
			isa = PBXVariantGroup;
			children = (
				FF6A3D07225AF45F000EB0A1 /* Base */,
			);
			name = Main.storyboard;
			sourceTree = "<group>";
		};
		FF6A3D0B225AF467000EB0A1 /* LaunchScreen.storyboard */ = {
			isa = PBXVariantGroup;
			children = (
				FF6A3D0C225AF467000EB0A1 /* Base */,
			);
			name = LaunchScreen.storyboard;
			sourceTree = "<group>";
		};
/* End PBXVariantGroup section */

/* Begin XCBuildConfiguration section */
		FF6A3D25225AF468000EB0A1 /* Debug */ = {
			isa = XCBuildConfiguration;
			buildSettings = {
				ALWAYS_SEARCH_USER_PATHS = NO;
				CLANG_ANALYZER_NONNULL = YES;
				CLANG_ANALYZER_NUMBER_OBJECT_CONVERSION = YES_AGGRESSIVE;
				CLANG_CXX_LANGUAGE_STANDARD = "gnu++14";
				CLANG_CXX_LIBRARY = "libc++";
				CLANG_ENABLE_MODULES = YES;
				CLANG_ENABLE_OBJC_ARC = YES;
				CLANG_ENABLE_OBJC_WEAK = YES;
				CLANG_WARN_BLOCK_CAPTURE_AUTORELEASING = YES;
				CLANG_WARN_BOOL_CONVERSION = YES;
				CLANG_WARN_COMMA = YES;
				CLANG_WARN_CONSTANT_CONVERSION = YES;
				CLANG_WARN_DEPRECATED_OBJC_IMPLEMENTATIONS = YES;
				CLANG_WARN_DIRECT_OBJC_ISA_USAGE = YES_ERROR;
				CLANG_WARN_DOCUMENTATION_COMMENTS = YES;
				CLANG_WARN_EMPTY_BODY = YES;
				CLANG_WARN_ENUM_CONVERSION = YES;
				CLANG_WARN_INFINITE_RECURSION = YES;
				CLANG_WARN_INT_CONVERSION = YES;
				CLANG_WARN_NON_LITERAL_NULL_CONVERSION = YES;
				CLANG_WARN_OBJC_IMPLICIT_RETAIN_SELF = YES;
				CLANG_WARN_OBJC_LITERAL_CONVERSION = YES;
				CLANG_WARN_OBJC_ROOT_CLASS = YES_ERROR;
				CLANG_WARN_RANGE_LOOP_ANALYSIS = YES;
				CLANG_WARN_STRICT_PROTOTYPES = YES;
				CLANG_WARN_SUSPICIOUS_MOVE = YES;
				CLANG_WARN_UNGUARDED_AVAILABILITY = YES_AGGRESSIVE;
				CLANG_WARN_UNREACHABLE_CODE = YES;
				CLANG_WARN__DUPLICATE_METHOD_MATCH = YES;
				CODE_SIGN_IDENTITY = "iPhone Developer";
				COPY_PHASE_STRIP = NO;
				DEBUG_INFORMATION_FORMAT = dwarf;
				ENABLE_STRICT_OBJC_MSGSEND = YES;
				ENABLE_TESTABILITY = YES;
				GCC_C_LANGUAGE_STANDARD = gnu11;
				GCC_DYNAMIC_NO_PIC = NO;
				GCC_NO_COMMON_BLOCKS = YES;
				GCC_OPTIMIZATION_LEVEL = 0;
				GCC_PREPROCESSOR_DEFINITIONS = (
					"DEBUG=1",
					"$(inherited)",
				);
				GCC_WARN_64_TO_32_BIT_CONVERSION = YES;
				GCC_WARN_ABOUT_RETURN_TYPE = YES_ERROR;
				GCC_WARN_UNDECLARED_SELECTOR = YES;
				GCC_WARN_UNINITIALIZED_AUTOS = YES_AGGRESSIVE;
				GCC_WARN_UNUSED_FUNCTION = YES;
				GCC_WARN_UNUSED_VARIABLE = YES;
				IPHONEOS_DEPLOYMENT_TARGET = 12.1;
				MTL_ENABLE_DEBUG_INFO = INCLUDE_SOURCE;
				MTL_FAST_MATH = YES;
				ONLY_ACTIVE_ARCH = YES;
				SDKROOT = iphoneos;
				SWIFT_ACTIVE_COMPILATION_CONDITIONS = DEBUG;
				SWIFT_OPTIMIZATION_LEVEL = "-Onone";
			};
			name = Debug;
		};
		FF6A3D26225AF468000EB0A1 /* Release */ = {
			isa = XCBuildConfiguration;
			buildSettings = {
				ALWAYS_SEARCH_USER_PATHS = NO;
				CLANG_ANALYZER_NONNULL = YES;
				CLANG_ANALYZER_NUMBER_OBJECT_CONVERSION = YES_AGGRESSIVE;
				CLANG_CXX_LANGUAGE_STANDARD = "gnu++14";
				CLANG_CXX_LIBRARY = "libc++";
				CLANG_ENABLE_MODULES = YES;
				CLANG_ENABLE_OBJC_ARC = YES;
				CLANG_ENABLE_OBJC_WEAK = YES;
				CLANG_WARN_BLOCK_CAPTURE_AUTORELEASING = YES;
				CLANG_WARN_BOOL_CONVERSION = YES;
				CLANG_WARN_COMMA = YES;
				CLANG_WARN_CONSTANT_CONVERSION = YES;
				CLANG_WARN_DEPRECATED_OBJC_IMPLEMENTATIONS = YES;
				CLANG_WARN_DIRECT_OBJC_ISA_USAGE = YES_ERROR;
				CLANG_WARN_DOCUMENTATION_COMMENTS = YES;
				CLANG_WARN_EMPTY_BODY = YES;
				CLANG_WARN_ENUM_CONVERSION = YES;
				CLANG_WARN_INFINITE_RECURSION = YES;
				CLANG_WARN_INT_CONVERSION = YES;
				CLANG_WARN_NON_LITERAL_NULL_CONVERSION = YES;
				CLANG_WARN_OBJC_IMPLICIT_RETAIN_SELF = YES;
				CLANG_WARN_OBJC_LITERAL_CONVERSION = YES;
				CLANG_WARN_OBJC_ROOT_CLASS = YES_ERROR;
				CLANG_WARN_RANGE_LOOP_ANALYSIS = YES;
				CLANG_WARN_STRICT_PROTOTYPES = YES;
				CLANG_WARN_SUSPICIOUS_MOVE = YES;
				CLANG_WARN_UNGUARDED_AVAILABILITY = YES_AGGRESSIVE;
				CLANG_WARN_UNREACHABLE_CODE = YES;
				CLANG_WARN__DUPLICATE_METHOD_MATCH = YES;
				CODE_SIGN_IDENTITY = "iPhone Developer";
				COPY_PHASE_STRIP = NO;
				DEBUG_INFORMATION_FORMAT = "dwarf-with-dsym";
				ENABLE_NS_ASSERTIONS = NO;
				ENABLE_STRICT_OBJC_MSGSEND = YES;
				GCC_C_LANGUAGE_STANDARD = gnu11;
				GCC_NO_COMMON_BLOCKS = YES;
				GCC_WARN_64_TO_32_BIT_CONVERSION = YES;
				GCC_WARN_ABOUT_RETURN_TYPE = YES_ERROR;
				GCC_WARN_UNDECLARED_SELECTOR = YES;
				GCC_WARN_UNINITIALIZED_AUTOS = YES_AGGRESSIVE;
				GCC_WARN_UNUSED_FUNCTION = YES;
				GCC_WARN_UNUSED_VARIABLE = YES;
				IPHONEOS_DEPLOYMENT_TARGET = 12.1;
				MTL_ENABLE_DEBUG_INFO = NO;
				MTL_FAST_MATH = YES;
				SDKROOT = iphoneos;
				SWIFT_COMPILATION_MODE = wholemodule;
				SWIFT_OPTIMIZATION_LEVEL = "-O";
				VALIDATE_PRODUCT = YES;
			};
			name = Release;
		};
		FF6A3D28225AF468000EB0A1 /* Debug */ = {
			isa = XCBuildConfiguration;
			buildSettings = {
				ASSETCATALOG_COMPILER_APPICON_NAME = AppIcon;
				CODE_SIGN_STYLE = Automatic;
				INFOPLIST_FILE = Class02/Info.plist;
				LD_RUNPATH_SEARCH_PATHS = (
					"$(inherited)",
					"@executable_path/Frameworks",
				);
				PRODUCT_BUNDLE_IDENTIFIER = edu.cjcu.Class02;
				PRODUCT_NAME = "$(TARGET_NAME)";
				SWIFT_VERSION = 4.2;
				TARGETED_DEVICE_FAMILY = "1,2";
			};
			name = Debug;
		};
		FF6A3D29225AF468000EB0A1 /* Release */ = {
			isa = XCBuildConfiguration;
			buildSettings = {
				ASSETCATALOG_COMPILER_APPICON_NAME = AppIcon;
				CODE_SIGN_STYLE = Automatic;
				INFOPLIST_FILE = Class02/Info.plist;
				LD_RUNPATH_SEARCH_PATHS = (
					"$(inherited)",
					"@executable_path/Frameworks",
				);
				PRODUCT_BUNDLE_IDENTIFIER = edu.cjcu.Class02;
				PRODUCT_NAME = "$(TARGET_NAME)";
				SWIFT_VERSION = 4.2;
				TARGETED_DEVICE_FAMILY = "1,2";
			};
			name = Release;
		};
		FF6A3D2B225AF468000EB0A1 /* Debug */ = {
			isa = XCBuildConfiguration;
			buildSettings = {
				ALWAYS_EMBED_SWIFT_STANDARD_LIBRARIES = YES;
				BUNDLE_LOADER = "$(TEST_HOST)";
				CODE_SIGN_STYLE = Automatic;
				INFOPLIST_FILE = Class02Tests/Info.plist;
				LD_RUNPATH_SEARCH_PATHS = (
					"$(inherited)",
					"@executable_path/Frameworks",
					"@loader_path/Frameworks",
				);
				PRODUCT_BUNDLE_IDENTIFIER = edu.cjcu.Class02Tests;
				PRODUCT_NAME = "$(TARGET_NAME)";
				SWIFT_VERSION = 4.2;
				TARGETED_DEVICE_FAMILY = "1,2";
				TEST_HOST = "$(BUILT_PRODUCTS_DIR)/Class02.app/Class02";
			};
			name = Debug;
		};
		FF6A3D2C225AF468000EB0A1 /* Release */ = {
			isa = XCBuildConfiguration;
			buildSettings = {
				ALWAYS_EMBED_SWIFT_STANDARD_LIBRARIES = YES;
				BUNDLE_LOADER = "$(TEST_HOST)";
				CODE_SIGN_STYLE = Automatic;
				INFOPLIST_FILE = Class02Tests/Info.plist;
				LD_RUNPATH_SEARCH_PATHS = (
					"$(inherited)",
					"@executable_path/Frameworks",
					"@loader_path/Frameworks",
				);
				PRODUCT_BUNDLE_IDENTIFIER = edu.cjcu.Class02Tests;
				PRODUCT_NAME = "$(TARGET_NAME)";
				SWIFT_VERSION = 4.2;
				TARGETED_DEVICE_FAMILY = "1,2";
				TEST_HOST = "$(BUILT_PRODUCTS_DIR)/Class02.app/Class02";
			};
			name = Release;
		};
		FF6A3D2E225AF468000EB0A1 /* Debug */ = {
			isa = XCBuildConfiguration;
			buildSettings = {
				ALWAYS_EMBED_SWIFT_STANDARD_LIBRARIES = YES;
				CODE_SIGN_STYLE = Automatic;
				INFOPLIST_FILE = Class02UITests/Info.plist;
				LD_RUNPATH_SEARCH_PATHS = (
					"$(inherited)",
					"@executable_path/Frameworks",
					"@loader_path/Frameworks",
				);
				PRODUCT_BUNDLE_IDENTIFIER = edu.cjcu.Class02UITests;
				PRODUCT_NAME = "$(TARGET_NAME)";
				SWIFT_VERSION = 4.2;
				TARGETED_DEVICE_FAMILY = "1,2";
				TEST_TARGET_NAME = Class02;
			};
			name = Debug;
		};
		FF6A3D2F225AF468000EB0A1 /* Release */ = {
			isa = XCBuildConfiguration;
			buildSettings = {
				ALWAYS_EMBED_SWIFT_STANDARD_LIBRARIES = YES;
				CODE_SIGN_STYLE = Automatic;
				INFOPLIST_FILE = Class02UITests/Info.plist;
				LD_RUNPATH_SEARCH_PATHS = (
					"$(inherited)",
					"@executable_path/Frameworks",
					"@loader_path/Frameworks",
				);
				PRODUCT_BUNDLE_IDENTIFIER = edu.cjcu.Class02UITests;
				PRODUCT_NAME = "$(TARGET_NAME)";
				SWIFT_VERSION = 4.2;
				TARGETED_DEVICE_FAMILY = "1,2";
				TEST_TARGET_NAME = Class02;
			};
			name = Release;
		};
/* End XCBuildConfiguration section */

/* Begin XCConfigurationList section */
		FF6A3CFA225AF45E000EB0A1 /* Build configuration list for PBXProject "Class02" */ = {
			isa = XCConfigurationList;
			buildConfigurations = (
				FF6A3D25225AF468000EB0A1 /* Debug */,
				FF6A3D26225AF468000EB0A1 /* Release */,
			);
			defaultConfigurationIsVisible = 0;
			defaultConfigurationName = Release;
		};
		FF6A3D27225AF468000EB0A1 /* Build configuration list for PBXNativeTarget "Class02" */ = {
			isa = XCConfigurationList;
			buildConfigurations = (
				FF6A3D28225AF468000EB0A1 /* Debug */,
				FF6A3D29225AF468000EB0A1 /* Release */,
			);
			defaultConfigurationIsVisible = 0;
			defaultConfigurationName = Release;
		};
		FF6A3D2A225AF468000EB0A1 /* Build configuration list for PBXNativeTarget "Class02Tests" */ = {
			isa = XCConfigurationList;
			buildConfigurations = (
				FF6A3D2B225AF468000EB0A1 /* Debug */,
				FF6A3D2C225AF468000EB0A1 /* Release */,
			);
			defaultConfigurationIsVisible = 0;
			defaultConfigurationName = Release;
		};
		FF6A3D2D225AF468000EB0A1 /* Build configuration list for PBXNativeTarget "Class02UITests" */ = {
			isa = XCConfigurationList;
			buildConfigurations = (
				FF6A3D2E225AF468000EB0A1 /* Debug */,
				FF6A3D2F225AF468000EB0A1 /* Release */,
			);
			defaultConfigurationIsVisible = 0;
			defaultConfigurationName = Release;
		};
/* End XCConfigurationList section */
	};
	rootObject = FF6A3CF7225AF45E000EB0A1 /* Project object */;
}
